{
  "pins" : [
    {
      "identity" : "apnswift",
      "kind" : "remoteSourceControl",
      "location" : "https://github.com/kylebrowning/APNSwift.git",
      "state" : {
        "revision" : "b53fd38f5611c6b935427febb43d91b15be26c0d",
        "version" : "3.2.0"
      }
    },
    {
      "identity" : "apodinidocumentexport",
      "kind" : "remoteSourceControl",
      "location" : "https://github.com/Apodini/ApodiniDocumentExport",
      "state" : {
        "revision" : "7de65b4c81929b56eadad190b11f02cf42ff9afe"
      }
    },
    {
      "identity" : "apodinimigrator",
      "kind" : "remoteSourceControl",
      "location" : "https://github.com/Apodini/ApodiniMigrator.git",
      "state" : {
        "revision" : "10671191ddd8a19a61ac6cae06060d259dbfe9ce",
        "version" : "0.3.0"
      }
    },
    {
      "identity" : "apodinitypeinformation",
      "kind" : "remoteSourceControl",
      "location" : "https://github.com/Apodini/ApodiniTypeInformation.git",
      "state" : {
        "revision" : "a5c86293f1fd3585321d38999d8c98176a02b7b0",
        "version" : "0.3.7"
      }
    },
    {
      "identity" : "async-http-client",
      "kind" : "remoteSourceControl",
      "location" : "https://github.com/swift-server/async-http-client.git",
      "state" : {
        "revision" : "16f7e62c08c6969899ce6cc277041e868364e5cf",
        "version" : "1.19.0"
      }
    },
    {
      "identity" : "async-kit",
      "kind" : "remoteSourceControl",
      "location" : "https://github.com/vapor/async-kit.git",
      "state" : {
        "revision" : "7ece208cd401687641c88367a00e3ea2b04311f1",
        "version" : "1.19.0"
      }
    },
    {
      "identity" : "finejson",
      "kind" : "remoteSourceControl",
      "location" : "https://github.com/omochi/FineJSON.git",
      "state" : {
        "revision" : "05101709243cb66d80c92e645210a3b80cf4e17f",
        "version" : "1.14.0"
      }
    },
    {
      "identity" : "fluent-kit",
      "kind" : "remoteSourceControl",
      "location" : "https://github.com/vapor/fluent-kit.git",
      "state" : {
        "revision" : "e0bb2b060249b7a501249b1612807b2eaaec28c6",
        "version" : "1.45.0"
      }
    },
    {
      "identity" : "fluent-sqlite-driver",
      "kind" : "remoteSourceControl",
      "location" : "https://github.com/vapor/fluent-sqlite-driver.git",
      "state" : {
        "revision" : "d76674f9ec744c773c4126384abe6e74bea68bab",
        "version" : "4.6.0"
      }
    },
    {
      "identity" : "graphql",
      "kind" : "remoteSourceControl",
      "location" : "https://github.com/GraphQLSwift/GraphQL",
      "state" : {
        "revision" : "2e37e3de16ddcd5efaad05de3478a05f4f3aa9bd",
        "version" : "2.7.1"
      }
    },
    {
      "identity" : "grpc-swift",
      "kind" : "remoteSourceControl",
      "location" : "https://github.com/grpc/grpc-swift.git",
      "state" : {
        "revision" : "663a85221ecf93e4b8fb1f0fdd34d4b27ae78665",
        "version" : "1.20.0"
      }
    },
    {
      "identity" : "jmespath.swift",
      "kind" : "remoteSourceControl",
      "location" : "https://github.com/adam-fowler/jmespath.swift.git",
      "state" : {
        "revision" : "4513d319c4aaa6c3b2ac18e1e6566a803515ad91",
        "version" : "1.0.2"
      }
    },
    {
      "identity" : "jwt-kit",
      "kind" : "remoteSourceControl",
      "location" : "https://github.com/vapor/jwt-kit.git",
      "state" : {
        "revision" : "cd0fe3af36764e876182137c3132a6d8459e1867",
        "version" : "4.13.1"
      }
    },
    {
      "identity" : "metadatasystem",
      "kind" : "remoteSourceControl",
      "location" : "https://github.com/Apodini/MetadataSystem.git",
      "state" : {
        "revision" : "761c5dbaa9f53293b1109f81d469370b5f5f61e7",
        "version" : "0.1.7"
      }
    },
    {
      "identity" : "openapikit",
      "kind" : "remoteSourceControl",
      "location" : "https://github.com/mattpolzin/OpenAPIKit.git",
      "state" : {
        "revision" : "0f712cc345b9ca57c5ba4333b484de6c64c131d0",
        "version" : "2.6.1"
      }
    },
    {
      "identity" : "opentelemetry-swift",
      "kind" : "remoteSourceControl",
      "location" : "https://github.com/slashmo/opentelemetry-swift.git",
      "state" : {
        "revision" : "6d3cc7c896b4dd426494ea59a5b67c9425b593cc",
        "version" : "0.2.0"
      }
    },
    {
      "identity" : "pathkit",
      "kind" : "remoteSourceControl",
      "location" : "https://github.com/kylef/PathKit.git",
      "state" : {
        "revision" : "3bfd2737b700b9a36565a8c94f4ad2b050a5e574",
        "version" : "1.0.1"
      }
    },
    {
      "identity" : "pythonkit",
      "kind" : "remoteSourceControl",
      "location" : "https://github.com/pvieito/PythonKit.git",
      "state" : {
        "revision" : "41dd1e76bb31661f59efbc1784e8f60ccc32a9d5",
        "version" : "0.4.1"
      }
    },
    {
      "identity" : "richjsonparser",
      "kind" : "remoteSourceControl",
      "location" : "https://github.com/omochi/RichJSONParser.git",
      "state" : {
        "revision" : "263e2ecfe88d0500fa99e4cbc8c948529d335534",
        "version" : "3.0.0"
      }
    },
    {
      "identity" : "runtime",
      "kind" : "remoteSourceControl",
      "location" : "https://github.com/wickwirew/Runtime.git",
      "state" : {
        "revision" : "73c9021ef4c1a3d75cde9cad71542b6cefb27f6c",
        "version" : "2.2.5"
      }
    },
    {
      "identity" : "soto",
      "kind" : "remoteSourceControl",
      "location" : "https://github.com/soto-project/soto.git",
      "state" : {
        "revision" : "2e68afa0c0c706e46946e633afdc25e41ea0be6f",
        "version" : "5.13.2"
      }
    },
    {
      "identity" : "soto-core",
      "kind" : "remoteSourceControl",
      "location" : "https://github.com/soto-project/soto-core.git",
      "state" : {
        "revision" : "651382662fe6461b10deb3fe298a3501d9d1dc6f",
        "version" : "5.9.4"
      }
    },
    {
      "identity" : "soto-s3-file-transfer",
      "kind" : "remoteSourceControl",
      "location" : "https://github.com/soto-project/soto-s3-file-transfer",
      "state" : {
        "revision" : "74899d6e9b95cfb9543993ece6aa56796cf6ba80",
        "version" : "0.4.2"
      }
    },
    {
      "identity" : "spectre",
      "kind" : "remoteSourceControl",
      "location" : "https://github.com/kylef/Spectre.git",
      "state" : {
        "revision" : "26cc5e9ae0947092c7139ef7ba612e34646086c7",
        "version" : "0.10.1"
      }
    },
    {
      "identity" : "sql-kit",
      "kind" : "remoteSourceControl",
      "location" : "https://github.com/vapor/sql-kit.git",
      "state" : {
        "revision" : "b2f128cb62a3abfbb1e3b2893ff3ee69e70f4f0f",
        "version" : "3.28.0"
      }
    },
    {
      "identity" : "sqlite-kit",
      "kind" : "remoteSourceControl",
      "location" : "https://github.com/vapor/sqlite-kit.git",
      "state" : {
        "revision" : "b4766692f2b3e26e4809aeb9f298c9811fdfe4ed",
        "version" : "4.4.1"
      }
    },
    {
      "identity" : "sqlite-nio",
      "kind" : "remoteSourceControl",
      "location" : "https://github.com/vapor/sqlite-nio.git",
      "state" : {
        "revision" : "35c59e958dea28bec5b5b2513834121757ba46ff",
        "version" : "1.8.2"
      }
    },
    {
      "identity" : "swifcron",
      "kind" : "remoteSourceControl",
      "location" : "https://github.com/MihaelIsaev/SwifCron.git",
      "state" : {
        "revision" : "effe20321342705e66894d86720c5882e2f4095e",
        "version" : "1.3.1"
      }
    },
    {
      "identity" : "swift-algorithms",
      "kind" : "remoteSourceControl",
      "location" : "https://github.com/apple/swift-algorithms",
      "state" : {
        "revision" : "f6919dfc309e7f1b56224378b11e28bab5bccc42",
        "version" : "1.2.0"
      }
    },
    {
      "identity" : "swift-argument-parser",
      "kind" : "remoteSourceControl",
      "location" : "https://github.com/apple/swift-argument-parser",
      "state" : {
        "revision" : "83b23d940471b313427da226196661856f6ba3e0",
        "version" : "0.4.4"
      }
    },
    {
      "identity" : "swift-atomics",
      "kind" : "remoteSourceControl",
      "location" : "https://github.com/apple/swift-atomics.git",
      "state" : {
        "revision" : "cd142fd2f64be2100422d658e7411e39489da985",
        "version" : "1.2.0"
      }
    },
    {
      "identity" : "swift-aws-lambda-runtime",
      "kind" : "remoteSourceControl",
      "location" : "https://github.com/swift-server/swift-aws-lambda-runtime.git",
      "state" : {
        "revision" : "699ada1724459582303c15aae64fa12ca4d33809",
        "version" : "0.5.2"
      }
    },
    {
      "identity" : "swift-backtrace",
      "kind" : "remoteSourceControl",
      "location" : "https://github.com/swift-server/swift-backtrace.git",
      "state" : {
        "revision" : "80746bdd0ac8a7d83aad5d89dac3cbf15de652e6",
        "version" : "1.3.4"
      }
    },
    {
      "identity" : "swift-collections",
      "kind" : "remoteSourceControl",
      "location" : "https://github.com/apple/swift-collections",
      "state" : {
        "revision" : "a902f1823a7ff3c9ab2fba0f992396b948eda307",
        "version" : "1.0.5"
      }
    },
    {
      "identity" : "swift-crypto",
      "kind" : "remoteSourceControl",
      "location" : "https://github.com/apple/swift-crypto.git",
      "state" : {
        "revision" : "b51f1d6845b353a2121de1c6a670738ec33561a6",
        "version" : "3.1.0"
      }
    },
    {
      "identity" : "swift-distributed-tracing",
      "kind" : "remoteSourceControl",
      "location" : "https://github.com/apple/swift-distributed-tracing.git",
      "state" : {
        "revision" : "7a89c904d80fd2dc7c6071806f38d5d0b2d5a1b5",
        "version" : "0.2.0"
      }
    },
    {
      "identity" : "swift-distributed-tracing-baggage",
      "kind" : "remoteSourceControl",
      "location" : "https://github.com/apple/swift-distributed-tracing-baggage.git",
      "state" : {
        "revision" : "c8457ce61adc6a3b9e6223ca147f5196f99e22cc",
        "version" : "0.2.3"
      }
    },
    {
      "identity" : "swift-docc-plugin",
      "kind" : "remoteSourceControl",
      "location" : "https://github.com/apple/swift-docc-plugin.git",
      "state" : {
        "revision" : "26ac5758409154cc448d7ab82389c520fa8a8247",
        "version" : "1.3.0"
      }
    },
    {
      "identity" : "swift-docc-symbolkit",
      "kind" : "remoteSourceControl",
      "location" : "https://github.com/apple/swift-docc-symbolkit",
      "state" : {
        "revision" : "b45d1f2ed151d057b54504d653e0da5552844e34",
        "version" : "1.0.0"
      }
    },
    {
      "identity" : "swift-http-types",
      "kind" : "remoteSourceControl",
      "location" : "https://github.com/apple/swift-http-types",
      "state" : {
        "revision" : "99d066e29effa8845e4761dd3f2f831edfdf8925",
        "version" : "1.0.0"
      }
    },
    {
      "identity" : "swift-log",
      "kind" : "remoteSourceControl",
      "location" : "https://github.com/apple/swift-log.git",
      "state" : {
        "revision" : "532d8b529501fb73a2455b179e0bbb6d49b652ed",
        "version" : "1.5.3"
      }
    },
    {
      "identity" : "swift-log-testing",
      "kind" : "remoteSourceControl",
      "location" : "https://github.com/neallester/swift-log-testing.git",
      "state" : {
        "revision" : "8459cec10d45da4c566aaec9052fa4a1bef3b861",
        "version" : "0.0.1"
      }
    },
    {
      "identity" : "swift-metrics",
      "kind" : "remoteSourceControl",
      "location" : "https://github.com/apple/swift-metrics.git",
      "state" : {
        "revision" : "3edd2f57afc4e68e23c3e4956bc8b65ca6b5b2ff",
        "version" : "2.2.0"
      }
    },
    {
      "identity" : "swift-metrics-extras",
      "kind" : "remoteSourceControl",
      "location" : "https://github.com/Apodini/swift-metrics-extras.git",
      "state" : {
        "revision" : "a5f54d453519af7f1d6c83d03e045463bb9e659e",
        "version" : "0.1.0"
      }
    },
    {
      "identity" : "swift-nio",
      "kind" : "remoteSourceControl",
      "location" : "https://github.com/apple/swift-nio.git",
      "state" : {
        "revision" : "702cd7c56d5d44eeba73fdf83918339b26dc855c",
        "version" : "2.62.0"
      }
    },
    {
      "identity" : "swift-nio-extras",
      "kind" : "remoteSourceControl",
      "location" : "https://github.com/apple/swift-nio-extras.git",
      "state" : {
        "revision" : "798c962495593a23fdea0c0c63fd55571d8dff51",
        "version" : "1.20.0"
      }
    },
    {
      "identity" : "swift-nio-http2",
      "kind" : "remoteSourceControl",
      "location" : "https://github.com/apple/swift-nio-http2.git",
      "state" : {
        "revision" : "3bd9004b9d685ed6b629760fc84903e48efec806",
        "version" : "1.29.0"
      }
    },
    {
      "identity" : "swift-nio-ssl",
      "kind" : "remoteSourceControl",
      "location" : "https://github.com/apple/swift-nio-ssl.git",
      "state" : {
        "revision" : "320bd978cceb8e88c125dcbb774943a92f6286e9",
        "version" : "2.25.0"
      }
    },
    {
      "identity" : "swift-nio-transport-services",
      "kind" : "remoteSourceControl",
      "location" : "https://github.com/apple/swift-nio-transport-services.git",
      "state" : {
        "revision" : "ebf8b9c365a6ce043bf6e6326a04b15589bd285e",
        "version" : "1.20.0"
      }
    },
    {
      "identity" : "swift-numerics",
      "kind" : "remoteSourceControl",
      "location" : "https://github.com/apple/swift-numerics",
      "state" : {
        "revision" : "0a5bc04095a675662cf24757cc0640aa2204253b",
        "version" : "1.0.2"
      }
    },
    {
      "identity" : "swift-protobuf",
      "kind" : "remoteSourceControl",
      "location" : "https://github.com/apple/swift-protobuf.git",
      "state" : {
        "revision" : "07f7f26ded8df9645c072f220378879c4642e063",
        "version" : "1.25.1"
      }
    },
    {
      "identity" : "websocket-kit",
      "kind" : "remoteSourceControl",
      "location" : "https://github.com/vapor/websocket-kit.git",
      "state" : {
        "revision" : "53fe0639a98903858d0196b699720decb42aee7b",
        "version" : "2.14.0"
      }
    },
    {
      "identity" : "xctassertcrash",
      "kind" : "remoteSourceControl",
      "location" : "https://github.com/norio-nomura/XCTAssertCrash.git",
      "state" : {
        "revision" : "880c5241254da53f32caf77248ee3d25cb2a9630",
        "version" : "0.2.0"
      }
    },
    {
      "identity" : "yams",
      "kind" : "remoteSourceControl",
      "location" : "https://github.com/jpsim/Yams.git",
      "state" : {
        "revision" : "9ff1cc9327586db4e0c8f46f064b6a82ec1566fa",
        "version" : "4.0.6"
      }
    }
  ],
  "version" : 2
}
