{
  "pins" : [
    {
      "identity" : "apnswift",
      "kind" : "remoteSourceControl",
      "location" : "https://github.com/kylebrowning/APNSwift.git",
      "state" : {
        "revision" : "b53fd38f5611c6b935427febb43d91b15be26c0d",
        "version" : "3.2.0"
      }
    },
    {
      "identity" : "apodinidocumentexport",
      "kind" : "remoteSourceControl",
      "location" : "https://github.com/Apodini/ApodiniDocumentExport.git",
      "state" : {
        "revision" : "7de65b4c81929b56eadad190b11f02cf42ff9afe",
        "version" : "0.1.1"
      }
    },
    {
      "identity" : "apodinimigrator",
      "kind" : "remoteSourceControl",
      "location" : "https://github.com/Apodini/ApodiniMigrator.git",
      "state" : {
        "revision" : "10671191ddd8a19a61ac6cae06060d259dbfe9ce",
        "version" : "0.3.0"
      }
    },
    {
      "identity" : "apodinitypeinformation",
      "kind" : "remoteSourceControl",
      "location" : "https://github.com/Apodini/ApodiniTypeInformation.git",
      "state" : {
        "revision" : "40247bedd5153b7641e95a11bd826b16a15fd12e",
        "version" : "0.3.6"
      }
    },
    {
      "identity" : "associatedtyperequirementskit",
      "kind" : "remoteSourceControl",
      "location" : "https://github.com/nerdsupremacist/AssociatedTypeRequirementsKit.git",
      "state" : {
        "revision" : "2e4c49c21ffb2135f1c99fbfcf2119c9d24f5e8c",
        "version" : "0.3.2"
      }
    },
    {
      "identity" : "async-http-client",
      "kind" : "remoteSourceControl",
      "location" : "https://github.com/swift-server/async-http-client.git",
      "state" : {
        "revision" : "fc510a39cff61b849bf5cdff17eb2bd6d0777b49",
        "version" : "1.11.5"
      }
    },
    {
      "identity" : "async-kit",
      "kind" : "remoteSourceControl",
      "location" : "https://github.com/vapor/async-kit.git",
      "state" : {
        "revision" : "c3329e444bafbb12d1d312af9191be95348a8175",
        "version" : "1.13.0"
      }
    },
    {
      "identity" : "finejson",
      "kind" : "remoteSourceControl",
      "location" : "https://github.com/omochi/FineJSON.git",
      "state" : {
        "revision" : "05101709243cb66d80c92e645210a3b80cf4e17f",
        "version" : "1.14.0"
      }
    },
    {
      "identity" : "fluent-kit",
      "kind" : "remoteSourceControl",
      "location" : "https://github.com/vapor/fluent-kit.git",
      "state" : {
        "revision" : "38670d2eefcba27530272946d627ac8d4e45f017",
        "version" : "1.35.1"
      }
    },
    {
      "identity" : "fluent-sqlite-driver",
      "kind" : "remoteSourceControl",
      "location" : "https://github.com/vapor/fluent-sqlite-driver.git",
      "state" : {
        "revision" : "9439661820e547abc1807121cb3d3482447239a5",
        "version" : "4.2.0"
      }
    },
    {
      "identity" : "graphql",
      "kind" : "remoteSourceControl",
      "location" : "https://github.com/GraphQLSwift/GraphQL",
      "state" : {
        "revision" : "17b96ed859072fca79dd562da2a79e1bc752756f",
        "version" : "2.4.1"
      }
    },
    {
      "identity" : "grpc-swift",
      "kind" : "remoteSourceControl",
      "location" : "https://github.com/grpc/grpc-swift.git",
      "state" : {
        "revision" : "6cab35e471cd8e35df5ef913c749527369f67553",
        "version" : "1.10.0"
      }
    },
    {
      "identity" : "jmespath.swift",
      "kind" : "remoteSourceControl",
      "location" : "https://github.com/adam-fowler/jmespath.swift.git",
      "state" : {
        "revision" : "4513d319c4aaa6c3b2ac18e1e6566a803515ad91",
        "version" : "1.0.2"
      }
    },
    {
      "identity" : "jwt-kit",
      "kind" : "remoteSourceControl",
      "location" : "https://github.com/vapor/jwt-kit.git",
      "state" : {
        "revision" : "87ce13a1df913ba4d51cf00606df7ef24d455571",
        "version" : "4.7.0"
      }
    },
    {
      "identity" : "metadatasystem",
      "kind" : "remoteSourceControl",
      "location" : "https://github.com/Apodini/MetadataSystem.git",
      "state" : {
        "revision" : "f655813f1953af8d3aaac432dad35f394e7bdf75",
        "version" : "0.1.6"
      }
    },
    {
      "identity" : "openapikit",
      "kind" : "remoteSourceControl",
      "location" : "https://github.com/mattpolzin/OpenAPIKit.git",
      "state" : {
        "revision" : "328d11996ccc43205bd861535021d8c22168a08a",
        "version" : "2.5.0"
      }
    },
    {
      "identity" : "opentelemetry-swift",
      "kind" : "remoteSourceControl",
      "location" : "https://github.com/slashmo/opentelemetry-swift.git",
      "state" : {
        "revision" : "6d3cc7c896b4dd426494ea59a5b67c9425b593cc",
        "version" : "0.2.0"
      }
    },
    {
      "identity" : "pathkit",
      "kind" : "remoteSourceControl",
      "location" : "https://github.com/kylef/PathKit.git",
      "state" : {
        "revision" : "3bfd2737b700b9a36565a8c94f4ad2b050a5e574",
        "version" : "1.0.1"
      }
    },
    {
      "identity" : "pythonkit",
      "kind" : "remoteSourceControl",
      "location" : "https://github.com/pvieito/PythonKit.git",
      "state" : {
        "revision" : "81f621d094a7c8923207efe5178f50dba1b56c39",
        "version" : "0.3.1"
      }
    },
    {
      "identity" : "richjsonparser",
      "kind" : "remoteSourceControl",
      "location" : "https://github.com/omochi/RichJSONParser.git",
      "state" : {
        "revision" : "263e2ecfe88d0500fa99e4cbc8c948529d335534",
        "version" : "3.0.0"
      }
    },
    {
      "identity" : "runtime",
      "kind" : "remoteSourceControl",
      "location" : "https://github.com/wickwirew/Runtime.git",
      "state" : {
        "revision" : "dad03135d7701a4e7b3a4051e75d6b37bd8e178e",
        "version" : "2.2.4"
      }
    },
    {
      "identity" : "soto",
      "kind" : "remoteSourceControl",
      "location" : "https://github.com/soto-project/soto.git",
      "state" : {
        "revision" : "3648a7fcbaa1ac06b6ab2b4b227d521ed065e780",
        "version" : "5.13.1"
      }
    },
    {
      "identity" : "soto-core",
      "kind" : "remoteSourceControl",
      "location" : "https://github.com/soto-project/soto-core.git",
      "state" : {
        "revision" : "3079d17f2576cff5f2a3f68865629af455c673d1",
        "version" : "5.9.3"
      }
    },
    {
      "identity" : "soto-s3-file-transfer",
      "kind" : "remoteSourceControl",
      "location" : "https://github.com/soto-project/soto-s3-file-transfer",
      "state" : {
        "revision" : "74899d6e9b95cfb9543993ece6aa56796cf6ba80",
        "version" : "0.4.2"
      }
    },
    {
      "identity" : "spectre",
      "kind" : "remoteSourceControl",
      "location" : "https://github.com/kylef/Spectre.git",
      "state" : {
        "revision" : "26cc5e9ae0947092c7139ef7ba612e34646086c7",
        "version" : "0.10.1"
      }
    },
    {
      "identity" : "sql-kit",
      "kind" : "remoteSourceControl",
      "location" : "https://github.com/vapor/sql-kit.git",
      "state" : {
        "revision" : "3c5413a229bc2abc962dab17ea66d25e448ad344",
        "version" : "3.21.0"
      }
    },
    {
      "identity" : "sqlite-kit",
      "kind" : "remoteSourceControl",
      "location" : "https://github.com/vapor/sqlite-kit.git",
      "state" : {
        "revision" : "0b3b12b032991de3ab5999b428a652ec29139746",
        "version" : "4.1.0"
      }
    },
    {
      "identity" : "sqlite-nio",
      "kind" : "remoteSourceControl",
      "location" : "https://github.com/vapor/sqlite-nio.git",
      "state" : {
        "revision" : "6481dd0b01112d082dd7eb362782126e81964138",
        "version" : "1.1.0"
      }
    },
    {
      "identity" : "swifcron",
      "kind" : "remoteSourceControl",
      "location" : "https://github.com/MihaelIsaev/SwifCron.git",
      "state" : {
        "revision" : "effe20321342705e66894d86720c5882e2f4095e",
        "version" : "1.3.1"
      }
    },
    {
      "identity" : "swift-algorithms",
      "kind" : "remoteSourceControl",
      "location" : "https://github.com/apple/swift-algorithms",
      "state" : {
        "revision" : "b14b7f4c528c942f121c8b860b9410b2bf57825e",
        "version" : "1.0.0"
      }
    },
    {
      "identity" : "swift-argument-parser",
      "kind" : "remoteSourceControl",
      "location" : "https://github.com/apple/swift-argument-parser",
      "state" : {
        "revision" : "83b23d940471b313427da226196661856f6ba3e0",
        "version" : "0.4.4"
      }
    },
    {
      "identity" : "swift-atomics",
      "kind" : "remoteSourceControl",
      "location" : "https://github.com/apple/swift-atomics.git",
      "state" : {
        "revision" : "919eb1d83e02121cdb434c7bfc1f0c66ef17febe",
        "version" : "1.0.2"
      }
    },
    {
      "identity" : "swift-aws-lambda-runtime",
      "kind" : "remoteSourceControl",
      "location" : "https://github.com/swift-server/swift-aws-lambda-runtime.git",
      "state" : {
        "revision" : "699ada1724459582303c15aae64fa12ca4d33809",
        "version" : "0.5.2"
      }
    },
    {
      "identity" : "swift-backtrace",
      "kind" : "remoteSourceControl",
      "location" : "https://github.com/swift-server/swift-backtrace.git",
      "state" : {
        "revision" : "f25620d5d05e2f1ba27154b40cafea2b67566956",
        "version" : "1.3.3"
      }
    },
    {
      "identity" : "swift-collections",
      "kind" : "remoteSourceControl",
      "location" : "https://github.com/apple/swift-collections",
      "state" : {
        "revision" : "f504716c27d2e5d4144fa4794b12129301d17729",
        "version" : "1.0.3"
      }
    },
    {
      "identity" : "swift-crypto",
      "kind" : "remoteSourceControl",
      "location" : "https://github.com/apple/swift-crypto.git",
      "state" : {
        "revision" : "d9825fa541df64b1a7b182178d61b9a82730d01f",
        "version" : "2.1.0"
      }
    },
    {
      "identity" : "swift-distributed-tracing",
      "kind" : "remoteSourceControl",
      "location" : "https://github.com/apple/swift-distributed-tracing.git",
      "state" : {
        "revision" : "7a89c904d80fd2dc7c6071806f38d5d0b2d5a1b5",
        "version" : "0.2.0"
      }
    },
    {
      "identity" : "swift-distributed-tracing-baggage",
      "kind" : "remoteSourceControl",
      "location" : "https://github.com/apple/swift-distributed-tracing-baggage.git",
      "state" : {
        "revision" : "c8457ce61adc6a3b9e6223ca147f5196f99e22cc",
        "version" : "0.2.3"
      }
    },
    {
      "identity" : "swift-docc-plugin",
      "kind" : "remoteSourceControl",
      "location" : "https://github.com/apple/swift-docc-plugin.git",
      "state" : {
        "revision" : "3303b164430d9a7055ba484c8ead67a52f7b74f6",
        "version" : "1.0.0"
      }
    },
    {
      "identity" : "swift-log",
      "kind" : "remoteSourceControl",
      "location" : "https://github.com/apple/swift-log.git",
      "state" : {
        "revision" : "6fe203dc33195667ce1759bf0182975e4653ba1c",
        "version" : "1.4.4"
      }
    },
    {
      "identity" : "swift-log-testing",
      "kind" : "remoteSourceControl",
      "location" : "https://github.com/neallester/swift-log-testing.git",
      "state" : {
        "revision" : "8459cec10d45da4c566aaec9052fa4a1bef3b861",
        "version" : "0.0.1"
      }
    },
    {
      "identity" : "swift-metrics",
      "kind" : "remoteSourceControl",
      "location" : "https://github.com/apple/swift-metrics.git",
      "state" : {
        "revision" : "3edd2f57afc4e68e23c3e4956bc8b65ca6b5b2ff",
        "version" : "2.2.0"
      }
    },
    {
      "identity" : "swift-metrics-extras",
      "kind" : "remoteSourceControl",
      "location" : "https://github.com/Apodini/swift-metrics-extras.git",
      "state" : {
        "revision" : "a5f54d453519af7f1d6c83d03e045463bb9e659e",
        "version" : "0.1.0"
      }
    },
    {
      "identity" : "swift-nio",
      "kind" : "remoteSourceControl",
      "location" : "https://github.com/apple/swift-nio.git",
      "state" : {
        "revision" : "b4e0a274f7f34210e97e2f2c50ab02a10b549250",
        "version" : "2.41.1"
      }
    },
    {
      "identity" : "swift-nio-extras",
      "kind" : "remoteSourceControl",
      "location" : "https://github.com/apple/swift-nio-extras.git",
      "state" : {
        "revision" : "6c84d247754ad77487a6f0694273b89b83efd056",
        "version" : "1.14.0"
      }
    },
    {
      "identity" : "swift-nio-http2",
      "kind" : "remoteSourceControl",
      "location" : "https://github.com/apple/swift-nio-http2.git",
      "state" : {
        "revision" : "f9ab1c94c80d568efd762d2a638f25162691d766",
        "version" : "1.22.1"
      }
    },
    {
      "identity" : "swift-nio-ssl",
      "kind" : "remoteSourceControl",
      "location" : "https://github.com/apple/swift-nio-ssl.git",
      "state" : {
        "revision" : "ba7c0d7f82affc518147ea61d240330bf7f7ea9b",
        "version" : "2.22.1"
      }
    },
    {
      "identity" : "swift-nio-transport-services",
      "kind" : "remoteSourceControl",
      "location" : "https://github.com/apple/swift-nio-transport-services.git",
      "state" : {
        "revision" : "4e02d9cf35cabfb538c96613272fb027dd0c8692",
        "version" : "1.13.1"
      }
    },
    {
      "identity" : "swift-numerics",
      "kind" : "remoteSourceControl",
      "location" : "https://github.com/apple/swift-numerics",
      "state" : {
        "revision" : "0a5bc04095a675662cf24757cc0640aa2204253b",
        "version" : "1.0.2"
      }
    },
    {
      "identity" : "swift-protobuf",
      "kind" : "remoteSourceControl",
      "location" : "https://github.com/apple/swift-protobuf.git",
      "state" : {
        "revision" : "88c7d15e1242fdb6ecbafbc7926426a19be1e98a",
        "version" : "1.20.2"
      }
    },
    {
      "identity" : "websocket-kit",
      "kind" : "remoteSourceControl",
      "location" : "https://github.com/vapor/websocket-kit.git",
      "state" : {
        "revision" : "2d9d2188a08eef4a869d368daab21b3c08510991",
        "version" : "2.6.1"
      }
    },
    {
      "identity" : "xctassertcrash",
      "kind" : "remoteSourceControl",
      "location" : "https://github.com/norio-nomura/XCTAssertCrash.git",
      "state" : {
        "revision" : "880c5241254da53f32caf77248ee3d25cb2a9630",
        "version" : "0.2.0"
      }
    },
    {
      "identity" : "yams",
      "kind" : "remoteSourceControl",
      "location" : "https://github.com/jpsim/Yams.git",
      "state" : {
        "revision" : "9ff1cc9327586db4e0c8f46f064b6a82ec1566fa",
        "version" : "4.0.6"
      }
    }
  ],
  "version" : 2
}
