{
  "object": {
    "pins": [
      {
        "package": "apnswift",
        "repositoryURL": "https://github.com/kylebrowning/APNSwift.git",
        "state": {
          "branch": null,
          "revision": "b53fd38f5611c6b935427febb43d91b15be26c0d",
          "version": "3.2.0"
        }
      },
      {
        "package": "ApodiniMigrator",
        "repositoryURL": "https://github.com/Apodini/ApodiniMigrator.git",
        "state": {
          "branch": null,
          "revision": "b224604bedf270e4c08ba94bbfc1ebfd99c6b9ae",
          "version": "0.2.0"
        }
      },
      {
        "package": "ApodiniTypeInformation",
        "repositoryURL": "https://github.com/Apodini/ApodiniTypeInformation.git",
        "state": {
          "branch": null,
          "revision": "b4e73a6f92bd0930c9f1f8a857504b85b943dd88",
          "version": "0.3.0"
        }
      },
      {
        "package": "AssociatedTypeRequirementsKit",
        "repositoryURL": "https://github.com/nerdsupremacist/AssociatedTypeRequirementsKit.git",
        "state": {
          "branch": null,
          "revision": "2e4c49c21ffb2135f1c99fbfcf2119c9d24f5e8c",
          "version": "0.3.2"
        }
      },
      {
        "package": "async-http-client",
        "repositoryURL": "https://github.com/swift-server/async-http-client.git",
        "state": {
          "branch": null,
          "revision": "70826d038d5bdc3142a386b735792d87ef7a5dfc",
          "version": "1.8.1"
        }
      },
      {
        "package": "async-kit",
        "repositoryURL": "https://github.com/vapor/async-kit.git",
        "state": {
          "branch": null,
          "revision": "3b1e7e9069a62295151c6c1609050cd38a0a7af5",
          "version": "1.11.0"
        }
      },
      {
        "package": "FineJSON",
        "repositoryURL": "https://github.com/omochi/FineJSON.git",
        "state": {
          "branch": null,
          "revision": "05101709243cb66d80c92e645210a3b80cf4e17f",
          "version": "1.14.0"
        }
      },
      {
        "package": "fluent-kit",
        "repositoryURL": "https://github.com/vapor/fluent-kit.git",
        "state": {
          "branch": null,
          "revision": "c6cd5994f371b8e31b34f4339774cc25cf8a086a",
          "version": "1.19.0"
        }
      },
      {
        "package": "fluent-sqlite-driver",
        "repositoryURL": "https://github.com/vapor/fluent-sqlite-driver.git",
        "state": {
          "branch": null,
          "revision": "9ca34be792979fb0f1dbd8e45b8af9f1e1440474",
          "version": "4.1.0"
        }
      },
      {
        "package": "GraphQL",
        "repositoryURL": "https://github.com/GraphQLSwift/GraphQL",
        "state": {
          "branch": null,
          "revision": "588b7b4dc9dcb352ad185012003f84823108540d",
          "version": "2.1.2"
        }
      },
      {
        "package": "grpc-swift",
        "repositoryURL": "https://github.com/grpc/grpc-swift.git",
        "state": {
          "branch": null,
          "revision": "5cc08ebf77e68598bfe4c793927d0f2838598607",
          "version": "1.6.1"
        }
      },
      {
        "package": "jmespath.swift",
        "repositoryURL": "https://github.com/adam-fowler/jmespath.swift.git",
        "state": {
          "branch": null,
          "revision": "4a166ea71f0d9e9cc3523fc3dee516080a4c36a0",
          "version": "1.0.0"
        }
      },
      {
        "package": "jwt-kit",
        "repositoryURL": "https://github.com/vapor/jwt-kit.git",
        "state": {
          "branch": null,
          "revision": "1822bb0abf0a31a4b5078ec19061c548835253b5",
          "version": "4.3.0"
        }
      },
      {
        "package": "MetadataSystem",
        "repositoryURL": "https://github.com/Apodini/MetadataSystem.git",
        "state": {
          "branch": null,
          "revision": "06cac46a958fdf700054f12f682b5c8f27577c9f",
          "version": "0.1.1"
        }
      },
      {
        "package": "OpenAPIKit",
        "repositoryURL": "https://github.com/mattpolzin/OpenAPIKit.git",
        "state": {
          "branch": null,
          "revision": "4986552e76c331a99770428bd2be77ad76068c08",
          "version": "2.4.0"
        }
      },
      {
        "package": "opentelemetry-swift",
        "repositoryURL": "https://github.com/slashmo/opentelemetry-swift.git",
        "state": {
          "branch": null,
          "revision": "e4f825fc2c7475553075a3c93b5ddadb5d4f5ec9",
          "version": "0.1.1"
        }
      },
      {
        "package": "PathKit",
        "repositoryURL": "https://github.com/kylef/PathKit.git",
        "state": {
          "branch": null,
          "revision": "3bfd2737b700b9a36565a8c94f4ad2b050a5e574",
          "version": "1.0.1"
        }
      },
      {
        "package": "RichJSONParser",
        "repositoryURL": "https://github.com/omochi/RichJSONParser.git",
        "state": {
          "branch": null,
          "revision": "263e2ecfe88d0500fa99e4cbc8c948529d335534",
          "version": "3.0.0"
        }
      },
      {
        "package": "Runtime",
        "repositoryURL": "https://github.com/wickwirew/Runtime.git",
        "state": {
          "branch": null,
          "revision": "dad03135d7701a4e7b3a4051e75d6b37bd8e178e",
          "version": "2.2.4"
        }
      },
      {
        "package": "soto",
        "repositoryURL": "https://github.com/soto-project/soto.git",
        "state": {
          "branch": null,
          "revision": "48a92c71332480cdd493cfeae4e184a80f418595",
          "version": "5.12.0"
        }
      },
      {
        "package": "soto-core",
        "repositoryURL": "https://github.com/soto-project/soto-core.git",
        "state": {
          "branch": null,
          "revision": "6ba2fddd0260da0621438bb1523e9aaea4eb9464",
          "version": "5.9.1"
        }
      },
      {
        "package": "soto-s3-file-transfer",
        "repositoryURL": "https://github.com/soto-project/soto-s3-file-transfer",
        "state": {
          "branch": null,
          "revision": "6a35d736753d46f5dc76712855428de412967d94",
          "version": "0.4.0"
        }
      },
      {
        "package": "Spectre",
        "repositoryURL": "https://github.com/kylef/Spectre.git",
        "state": {
          "branch": null,
          "revision": "26cc5e9ae0947092c7139ef7ba612e34646086c7",
          "version": "0.10.1"
        }
      },
      {
        "package": "sql-kit",
        "repositoryURL": "https://github.com/vapor/sql-kit.git",
        "state": {
          "branch": null,
          "revision": "9cc30f8cef132e91a07e36005612b37f918731fc",
          "version": "3.16.0"
        }
      },
      {
        "package": "sqlite-kit",
        "repositoryURL": "https://github.com/vapor/sqlite-kit.git",
        "state": {
          "branch": null,
          "revision": "0b3b12b032991de3ab5999b428a652ec29139746",
          "version": "4.1.0"
        }
      },
      {
        "package": "sqlite-nio",
        "repositoryURL": "https://github.com/vapor/sqlite-nio.git",
        "state": {
          "branch": null,
          "revision": "6481dd0b01112d082dd7eb362782126e81964138",
          "version": "1.1.0"
        }
      },
      {
        "package": "SwifCron",
        "repositoryURL": "https://github.com/MihaelIsaev/SwifCron.git",
        "state": {
          "branch": null,
          "revision": "effe20321342705e66894d86720c5882e2f4095e",
          "version": "1.3.1"
        }
      },
      {
        "package": "swift-algorithms",
        "repositoryURL": "https://github.com/apple/swift-algorithms",
        "state": {
          "branch": null,
          "revision": "b14b7f4c528c942f121c8b860b9410b2bf57825e",
          "version": "1.0.0"
        }
      },
      {
        "package": "swift-argument-parser",
        "repositoryURL": "https://github.com/apple/swift-argument-parser",
        "state": {
          "branch": null,
          "revision": "83b23d940471b313427da226196661856f6ba3e0",
          "version": "0.4.4"
        }
      },
      {
        "package": "swift-collections",
        "repositoryURL": "https://github.com/apple/swift-collections",
        "state": {
          "branch": null,
          "revision": "48254824bb4248676bf7ce56014ff57b142b77eb",
          "version": "1.0.2"
        }
      },
      {
        "package": "swift-crypto",
        "repositoryURL": "https://github.com/apple/swift-crypto.git",
        "state": {
          "branch": null,
          "revision": "9c53b7a758bb849a7df1bd2314395f5f0c14306f",
          "version": "2.0.3"
        }
      },
      {
        "package": "swift-distributed-tracing",
        "repositoryURL": "https://github.com/apple/swift-distributed-tracing.git",
        "state": {
          "branch": null,
          "revision": "fce1f7c91ad5a733500ea1cdd7ccd7aed9130536",
          "version": "0.1.4"
        }
      },
      {
        "package": "swift-distributed-tracing-baggage",
        "repositoryURL": "https://github.com/apple/swift-distributed-tracing-baggage.git",
        "state": {
          "branch": null,
          "revision": "b68b3277985555995298426a35084b832dbc51ae",
          "version": "0.1.1"
        }
      },
      {
        "package": "swift-distributed-tracing-baggage-core",
        "repositoryURL": "https://github.com/apple/swift-distributed-tracing-baggage-core.git",
        "state": {
          "branch": null,
          "revision": "9a2884a37f39e08ebd225627c400feae9c6ea8df",
          "version": "0.1.1"
        }
      },
      {
        "package": "swift-log",
        "repositoryURL": "https://github.com/apple/swift-log.git",
        "state": {
          "branch": null,
          "revision": "5d66f7ba25daf4f94100e7022febf3c75e37a6c7",
          "version": "1.4.2"
        }
      },
      {
        "package": "swift-log-testing",
        "repositoryURL": "https://github.com/neallester/swift-log-testing.git",
        "state": {
          "branch": null,
          "revision": "8459cec10d45da4c566aaec9052fa4a1bef3b861",
          "version": "0.0.1"
        }
      },
      {
        "package": "swift-metrics",
        "repositoryURL": "https://github.com/apple/swift-metrics.git",
        "state": {
          "branch": null,
          "revision": "3edd2f57afc4e68e23c3e4956bc8b65ca6b5b2ff",
          "version": "2.2.0"
        }
      },
      {
        "package": "swift-metrics-extras",
        "repositoryURL": "https://github.com/Apodini/swift-metrics-extras.git",
        "state": {
          "branch": null,
          "revision": "a5f54d453519af7f1d6c83d03e045463bb9e659e",
          "version": "0.1.0"
        }
      },
      {
        "package": "swift-nio",
        "repositoryURL": "https://github.com/apple/swift-nio.git",
        "state": {
          "branch": null,
          "revision": "213eb6887e526e0dfac526a2eae559a1893ebbac",
          "version": "2.36.0"
        }
      },
      {
        "package": "swift-nio-extras",
        "repositoryURL": "https://github.com/apple/swift-nio-extras.git",
        "state": {
          "branch": null,
          "revision": "f73ca5ee9c6806800243f1ac415fcf82de9a4c91",
          "version": "1.10.2"
        }
      },
      {
        "package": "swift-nio-http2",
        "repositoryURL": "https://github.com/apple/swift-nio-http2.git",
        "state": {
          "branch": null,
          "revision": "6e94a7be32891d1b303a3fcfde8b5bf64d162e74",
          "version": "1.19.1"
        }
      },
      {
        "package": "swift-nio-ssl",
        "repositoryURL": "https://github.com/apple/swift-nio-ssl.git",
        "state": {
          "branch": null,
          "revision": "2b329e37e9dd34fb382655181a680261d58cbbf1",
          "version": "2.17.1"
        }
      },
      {
        "package": "swift-nio-transport-services",
        "repositoryURL": "https://github.com/apple/swift-nio-transport-services.git",
        "state": {
          "branch": null,
          "revision": "e7f5278a26442dc46783ba7e063643d524e414a0",
          "version": "1.11.3"
        }
      },
      {
        "package": "swift-numerics",
        "repositoryURL": "https://github.com/apple/swift-numerics",
        "state": {
          "branch": null,
          "revision": "0a5bc04095a675662cf24757cc0640aa2204253b",
          "version": "1.0.2"
        }
      },
      {
        "package": "SwiftProtobuf",
        "repositoryURL": "https://github.com/apple/swift-protobuf.git",
        "state": {
          "branch": null,
          "revision": "7e2c5f3cbbeea68e004915e3a8961e20bd11d824",
          "version": "1.18.0"
        }
      },
      {
        "package": "websocket-kit",
        "repositoryURL": "https://github.com/vapor/websocket-kit.git",
        "state": {
          "branch": null,
          "revision": "ff8fbce837ef01a93d49c6fb49a72be0f150dac7",
          "version": "2.3.0"
        }
      },
      {
        "package": "XCTAssertCrash",
        "repositoryURL": "https://github.com/norio-nomura/XCTAssertCrash.git",
        "state": {
          "branch": null,
          "revision": "880c5241254da53f32caf77248ee3d25cb2a9630",
          "version": "0.2.0"
        }
      },
      {
        "package": "Yams",
        "repositoryURL": "https://github.com/jpsim/Yams.git",
        "state": {
          "branch": null,
          "revision": "9ff1cc9327586db4e0c8f46f064b6a82ec1566fa",
          "version": "4.0.6"
        }
      }
    ]
  },
  "version": 1
}
